
Microsoft Visual Studio Solution File, Format Version 12.00
# Visual Studio Version 17
VisualStudioVersion = 17.8.34525.116
MinimumVisualStudioVersion = 10.0.40219.1
Project("{FAE04EC0-301F-11D3-BF4B-00C04F79EFBC}") = "LicanceCreater", "LicanceCreater\LicanceCreater.csproj", "{9E6BE17B-C744-4E9B-BAB9-406B4323132E}"
EndProject
Global
	GlobalSection(SolutionConfigurationPlatforms) = preSolution
		Debug|Any CPU = Debug|Any CPU
		Release|Any CPU = Release|Any CPU
	EndGlobalSection
	GlobalSection(ProjectConfigurationPlatforms) = postSolution
		{9E6BE17B-C744-4E9B-BAB9-406B4323132E}.Debug|Any CPU.ActiveCfg = Debug|Any CPU
		{9E6BE17B-C744-4E9B-BAB9-406B4323132E}.Debug|Any CPU.Build.0 = Debug|Any CPU
		{9E6BE17B-C744-4E9B-BAB9-406B4323132E}.Release|Any CPU.ActiveCfg = Release|Any CPU
		{9E6BE17B-C744-4E9B-BAB9-406B4323132E}.Release|Any CPU.Build.0 = Release|Any CPU
	EndGlobalSection
	GlobalSection(SolutionProperties) = preSolution
		HideSolutionNode = FALSE
	EndGlobalSection
	GlobalSection(ExtensibilityGlobals) = postSolution
		SolutionGuid = {98D3E67C-F0DE-48AC-9EF7-6F5F6E7C736C}
	EndGlobalSection
EndGlobal
